
Microsoft Visual Studio Solution File, Format Version 12.00
# Visual Studio Version 16
VisualStudioVersion = 16.0.30717.126
MinimumVisualStudioVersion = 10.0.40219.1
Project("{FAE04EC0-301F-11D3-BF4B-00C04F79EFBC}") = "FitnessCostumerManagement", "FitnessCostumerManagement.csproj", "{EE901546-3596-4E9C-A7ED-B758295493FA}"
EndProject
Global
	GlobalSection(SolutionConfigurationPlatforms) = preSolution
		Debug|Any CPU = Debug|Any CPU
		Release|Any CPU = Release|Any CPU
	EndGlobalSection
	GlobalSection(ProjectConfigurationPlatforms) = postSolution
		{EE901546-3596-4E9C-A7ED-B758295493FA}.Debug|Any CPU.ActiveCfg = Debug|Any CPU
		{EE901546-3596-4E9C-A7ED-B758295493FA}.Debug|Any CPU.Build.0 = Debug|Any CPU
		{EE901546-3596-4E9C-A7ED-B758295493FA}.Release|Any CPU.ActiveCfg = Release|Any CPU
		{EE901546-3596-4E9C-A7ED-B758295493FA}.Release|Any CPU.Build.0 = Release|Any CPU
	EndGlobalSection
	GlobalSection(SolutionProperties) = preSolution
		HideSolutionNode = FALSE
	EndGlobalSection
	GlobalSection(ExtensibilityGlobals) = postSolution
		SolutionGuid = {C0A5A590-8952-4102-9193-C1EFD8D6C48E}
	EndGlobalSection
EndGlobal
